{
  "nodes": {
    "nixpkgs": {
      "locked": {
        "lastModified": 1717105481,
        "narHash": "sha256-4NiEGLfhd0V+YSNhYrXcljkWIUrE38IEjS4wcrMNXHo=",
        "owner": "NixOS",
        "repo": "nixpkgs",
        "rev": "4c9c9a8004d7d6d82a2f5555766d772b84df7a7b",
        "type": "github"
      },
      "original": {
        "owner": "NixOS",
        "repo": "nixpkgs",
        "type": "github"
      }
    },
    "root": {
      "inputs": {
        "nixpkgs": "nixpkgs"
      }
    }
  },
  "root": "root",
  "version": 7
}
